
Microsoft Visual Studio Solution File, Format Version 12.00
# Visual Studio Version 16
VisualStudioVersion = 16.0.31729.503
MinimumVisualStudioVersion = 10.0.40219.1
Project("{FAE04EC0-301F-11D3-BF4B-00C04F79EFBC}") = "WpfFlowDocumentInCodeBehind", "WpfFlowDocumentInCodeBehind\WpfFlowDocumentInCodeBehind.csproj", "{ABC0E64B-717B-413C-AC16-C1F90E6994F5}"
EndProject
Global
	GlobalSection(SolutionConfigurationPlatforms) = preSolution
		Debug|Any CPU = Debug|Any CPU
		Release|Any CPU = Release|Any CPU
	EndGlobalSection
	GlobalSection(ProjectConfigurationPlatforms) = postSolution
		{ABC0E64B-717B-413C-AC16-C1F90E6994F5}.Debug|Any CPU.ActiveCfg = Debug|Any CPU
		{ABC0E64B-717B-413C-AC16-C1F90E6994F5}.Debug|Any CPU.Build.0 = Debug|Any CPU
		{ABC0E64B-717B-413C-AC16-C1F90E6994F5}.Release|Any CPU.ActiveCfg = Release|Any CPU
		{ABC0E64B-717B-413C-AC16-C1F90E6994F5}.Release|Any CPU.Build.0 = Release|Any CPU
	EndGlobalSection
	GlobalSection(SolutionProperties) = preSolution
		HideSolutionNode = FALSE
	EndGlobalSection
	GlobalSection(ExtensibilityGlobals) = postSolution
		SolutionGuid = {98218CB4-DC3E-4263-96A4-BE25365AE3A2}
	EndGlobalSection
EndGlobal
