
Microsoft Visual Studio Solution File, Format Version 12.00
# Visual Studio Version 16
VisualStudioVersion = 16.0.31729.503
MinimumVisualStudioVersion = 10.0.40219.1
Project("{FAE04EC0-301F-11D3-BF4B-00C04F79EFBC}") = "WpfDatePicker", "WpfDatePicker\WpfDatePicker.csproj", "{63EA3DF7-FEB4-427B-B72E-AB88104C9292}"
EndProject
Project("{FAE04EC0-301F-11D3-BF4B-00C04F79EFBC}") = "WpfDatePickerBlackoutDates", "WpfDatePickerBlackoutDates\WpfDatePickerBlackoutDates.csproj", "{E1B1EFAF-0642-48A7-8A8F-E3A0A425B4E2}"
EndProject
Project("{FAE04EC0-301F-11D3-BF4B-00C04F79EFBC}") = "WpfDatePickerBlackoutV2", "WpfDatePickerBlackoutV2\WpfDatePickerBlackoutV2.csproj", "{6D2FA112-A778-435C-B335-4F7A92D6D9B3}"
EndProject
Project("{FAE04EC0-301F-11D3-BF4B-00C04F79EFBC}") = "WpfDatePickerBlackoutV3", "WpfDatePickerBlackoutV3\WpfDatePickerBlackoutV3.csproj", "{ABB87FCB-F76B-46B7-B496-8E601A0A8BAB}"
EndProject
Global
	GlobalSection(SolutionConfigurationPlatforms) = preSolution
		Debug|Any CPU = Debug|Any CPU
		Release|Any CPU = Release|Any CPU
	EndGlobalSection
	GlobalSection(ProjectConfigurationPlatforms) = postSolution
		{63EA3DF7-FEB4-427B-B72E-AB88104C9292}.Debug|Any CPU.ActiveCfg = Debug|Any CPU
		{63EA3DF7-FEB4-427B-B72E-AB88104C9292}.Debug|Any CPU.Build.0 = Debug|Any CPU
		{63EA3DF7-FEB4-427B-B72E-AB88104C9292}.Release|Any CPU.ActiveCfg = Release|Any CPU
		{63EA3DF7-FEB4-427B-B72E-AB88104C9292}.Release|Any CPU.Build.0 = Release|Any CPU
		{E1B1EFAF-0642-48A7-8A8F-E3A0A425B4E2}.Debug|Any CPU.ActiveCfg = Debug|Any CPU
		{E1B1EFAF-0642-48A7-8A8F-E3A0A425B4E2}.Debug|Any CPU.Build.0 = Debug|Any CPU
		{E1B1EFAF-0642-48A7-8A8F-E3A0A425B4E2}.Release|Any CPU.ActiveCfg = Release|Any CPU
		{E1B1EFAF-0642-48A7-8A8F-E3A0A425B4E2}.Release|Any CPU.Build.0 = Release|Any CPU
		{6D2FA112-A778-435C-B335-4F7A92D6D9B3}.Debug|Any CPU.ActiveCfg = Debug|Any CPU
		{6D2FA112-A778-435C-B335-4F7A92D6D9B3}.Debug|Any CPU.Build.0 = Debug|Any CPU
		{6D2FA112-A778-435C-B335-4F7A92D6D9B3}.Release|Any CPU.ActiveCfg = Release|Any CPU
		{6D2FA112-A778-435C-B335-4F7A92D6D9B3}.Release|Any CPU.Build.0 = Release|Any CPU
		{ABB87FCB-F76B-46B7-B496-8E601A0A8BAB}.Debug|Any CPU.ActiveCfg = Debug|Any CPU
		{ABB87FCB-F76B-46B7-B496-8E601A0A8BAB}.Debug|Any CPU.Build.0 = Debug|Any CPU
		{ABB87FCB-F76B-46B7-B496-8E601A0A8BAB}.Release|Any CPU.ActiveCfg = Release|Any CPU
		{ABB87FCB-F76B-46B7-B496-8E601A0A8BAB}.Release|Any CPU.Build.0 = Release|Any CPU
	EndGlobalSection
	GlobalSection(SolutionProperties) = preSolution
		HideSolutionNode = FALSE
	EndGlobalSection
	GlobalSection(ExtensibilityGlobals) = postSolution
		SolutionGuid = {D3D30A78-0A77-46F1-B79B-01DE883AEEF6}
	EndGlobalSection
EndGlobal
