
Microsoft Visual Studio Solution File, Format Version 12.00
# Visual Studio Version 16
VisualStudioVersion = 16.0.31729.503
MinimumVisualStudioVersion = 10.0.40219.1
Project("{FAE04EC0-301F-11D3-BF4B-00C04F79EFBC}") = "WpfCalendarControl", "WpfCalendarControl\WpfCalendarControl.csproj", "{B8851504-215C-4FC0-92B0-50EB13181142}"
EndProject
Project("{FAE04EC0-301F-11D3-BF4B-00C04F79EFBC}") = "WpfCalendarViewbox", "WpfCalendarViewbox\WpfCalendarViewbox.csproj", "{6B38D000-CDE3-4CD1-8A5A-491DA7BD5677}"
EndProject
Project("{FAE04EC0-301F-11D3-BF4B-00C04F79EFBC}") = "WpfCalendarDisplayDate", "WpfCalendarDisplayDate\WpfCalendarDisplayDate.csproj", "{6D953666-4AED-45A4-9BF4-F3DF21A61696}"
EndProject
Project("{FAE04EC0-301F-11D3-BF4B-00C04F79EFBC}") = "WpfCalendarSelectionMode", "WpfCalendarSelectionMode\WpfCalendarSelectionMode.csproj", "{CCD40DFB-498F-448B-A947-5BEFBA79C26A}"
EndProject
Project("{FAE04EC0-301F-11D3-BF4B-00C04F79EFBC}") = "WpfCalendarSelectionModeMultipleRange", "WpfCalendarSelectionModeMultipleRange\WpfCalendarSelectionModeMultipleRange.csproj", "{CB1A17E4-EEF2-452B-B263-F97E22C560F2}"
EndProject
Project("{FAE04EC0-301F-11D3-BF4B-00C04F79EFBC}") = "WpfCalendarSelection", "WpfCalendarSelection\WpfCalendarSelection.csproj", "{DA2D0C45-7E87-47C3-873A-F265CC47E912}"
EndProject
Project("{FAE04EC0-301F-11D3-BF4B-00C04F79EFBC}") = "WpfCalendarSelectedDate", "WpfCalendarSelectedDate\WpfCalendarSelectedDate.csproj", "{5EA49D69-DA37-4258-9D29-A76FA1463416}"
EndProject
Project("{FAE04EC0-301F-11D3-BF4B-00C04F79EFBC}") = "WpfCalendarBlockedoutDate", "WpfCalendarBlockedoutDate\WpfCalendarBlockedoutDate.csproj", "{8D41001B-29C5-4E97-A9FF-5E2765CD74B2}"
EndProject
Project("{FAE04EC0-301F-11D3-BF4B-00C04F79EFBC}") = "WpfCalendarDisplayModeYear", "WpfCalendarDisplayModeYear\WpfCalendarDisplayModeYear.csproj", "{30913A1E-C054-47B8-A4D0-4F807B330A55}"
EndProject
Project("{FAE04EC0-301F-11D3-BF4B-00C04F79EFBC}") = "WpfCalendarDisplayModeDecade", "WpfCalendarDisplayModeDecade\WpfCalendarDisplayModeDecade.csproj", "{4B8316DB-7ADE-496C-ACF6-07ED6700F0F1}"
EndProject
Global
	GlobalSection(SolutionConfigurationPlatforms) = preSolution
		Debug|Any CPU = Debug|Any CPU
		Release|Any CPU = Release|Any CPU
	EndGlobalSection
	GlobalSection(ProjectConfigurationPlatforms) = postSolution
		{B8851504-215C-4FC0-92B0-50EB13181142}.Debug|Any CPU.ActiveCfg = Debug|Any CPU
		{B8851504-215C-4FC0-92B0-50EB13181142}.Debug|Any CPU.Build.0 = Debug|Any CPU
		{B8851504-215C-4FC0-92B0-50EB13181142}.Release|Any CPU.ActiveCfg = Release|Any CPU
		{B8851504-215C-4FC0-92B0-50EB13181142}.Release|Any CPU.Build.0 = Release|Any CPU
		{6B38D000-CDE3-4CD1-8A5A-491DA7BD5677}.Debug|Any CPU.ActiveCfg = Debug|Any CPU
		{6B38D000-CDE3-4CD1-8A5A-491DA7BD5677}.Debug|Any CPU.Build.0 = Debug|Any CPU
		{6B38D000-CDE3-4CD1-8A5A-491DA7BD5677}.Release|Any CPU.ActiveCfg = Release|Any CPU
		{6B38D000-CDE3-4CD1-8A5A-491DA7BD5677}.Release|Any CPU.Build.0 = Release|Any CPU
		{6D953666-4AED-45A4-9BF4-F3DF21A61696}.Debug|Any CPU.ActiveCfg = Debug|Any CPU
		{6D953666-4AED-45A4-9BF4-F3DF21A61696}.Debug|Any CPU.Build.0 = Debug|Any CPU
		{6D953666-4AED-45A4-9BF4-F3DF21A61696}.Release|Any CPU.ActiveCfg = Release|Any CPU
		{6D953666-4AED-45A4-9BF4-F3DF21A61696}.Release|Any CPU.Build.0 = Release|Any CPU
		{CCD40DFB-498F-448B-A947-5BEFBA79C26A}.Debug|Any CPU.ActiveCfg = Debug|Any CPU
		{CCD40DFB-498F-448B-A947-5BEFBA79C26A}.Debug|Any CPU.Build.0 = Debug|Any CPU
		{CCD40DFB-498F-448B-A947-5BEFBA79C26A}.Release|Any CPU.ActiveCfg = Release|Any CPU
		{CCD40DFB-498F-448B-A947-5BEFBA79C26A}.Release|Any CPU.Build.0 = Release|Any CPU
		{CB1A17E4-EEF2-452B-B263-F97E22C560F2}.Debug|Any CPU.ActiveCfg = Debug|Any CPU
		{CB1A17E4-EEF2-452B-B263-F97E22C560F2}.Debug|Any CPU.Build.0 = Debug|Any CPU
		{CB1A17E4-EEF2-452B-B263-F97E22C560F2}.Release|Any CPU.ActiveCfg = Release|Any CPU
		{CB1A17E4-EEF2-452B-B263-F97E22C560F2}.Release|Any CPU.Build.0 = Release|Any CPU
		{DA2D0C45-7E87-47C3-873A-F265CC47E912}.Debug|Any CPU.ActiveCfg = Debug|Any CPU
		{DA2D0C45-7E87-47C3-873A-F265CC47E912}.Debug|Any CPU.Build.0 = Debug|Any CPU
		{DA2D0C45-7E87-47C3-873A-F265CC47E912}.Release|Any CPU.ActiveCfg = Release|Any CPU
		{DA2D0C45-7E87-47C3-873A-F265CC47E912}.Release|Any CPU.Build.0 = Release|Any CPU
		{5EA49D69-DA37-4258-9D29-A76FA1463416}.Debug|Any CPU.ActiveCfg = Debug|Any CPU
		{5EA49D69-DA37-4258-9D29-A76FA1463416}.Debug|Any CPU.Build.0 = Debug|Any CPU
		{5EA49D69-DA37-4258-9D29-A76FA1463416}.Release|Any CPU.ActiveCfg = Release|Any CPU
		{5EA49D69-DA37-4258-9D29-A76FA1463416}.Release|Any CPU.Build.0 = Release|Any CPU
		{8D41001B-29C5-4E97-A9FF-5E2765CD74B2}.Debug|Any CPU.ActiveCfg = Debug|Any CPU
		{8D41001B-29C5-4E97-A9FF-5E2765CD74B2}.Debug|Any CPU.Build.0 = Debug|Any CPU
		{8D41001B-29C5-4E97-A9FF-5E2765CD74B2}.Release|Any CPU.ActiveCfg = Release|Any CPU
		{8D41001B-29C5-4E97-A9FF-5E2765CD74B2}.Release|Any CPU.Build.0 = Release|Any CPU
		{30913A1E-C054-47B8-A4D0-4F807B330A55}.Debug|Any CPU.ActiveCfg = Debug|Any CPU
		{30913A1E-C054-47B8-A4D0-4F807B330A55}.Debug|Any CPU.Build.0 = Debug|Any CPU
		{30913A1E-C054-47B8-A4D0-4F807B330A55}.Release|Any CPU.ActiveCfg = Release|Any CPU
		{30913A1E-C054-47B8-A4D0-4F807B330A55}.Release|Any CPU.Build.0 = Release|Any CPU
		{4B8316DB-7ADE-496C-ACF6-07ED6700F0F1}.Debug|Any CPU.ActiveCfg = Debug|Any CPU
		{4B8316DB-7ADE-496C-ACF6-07ED6700F0F1}.Debug|Any CPU.Build.0 = Debug|Any CPU
		{4B8316DB-7ADE-496C-ACF6-07ED6700F0F1}.Release|Any CPU.ActiveCfg = Release|Any CPU
		{4B8316DB-7ADE-496C-ACF6-07ED6700F0F1}.Release|Any CPU.Build.0 = Release|Any CPU
	EndGlobalSection
	GlobalSection(SolutionProperties) = preSolution
		HideSolutionNode = FALSE
	EndGlobalSection
	GlobalSection(ExtensibilityGlobals) = postSolution
		SolutionGuid = {9FCB6911-4933-4926-8023-CDF05E1C0E01}
	EndGlobalSection
EndGlobal
