
Microsoft Visual Studio Solution File, Format Version 12.00
# Visual Studio Version 16
VisualStudioVersion = 16.0.31729.503
MinimumVisualStudioVersion = 10.0.40219.1
Project("{FAE04EC0-301F-11D3-BF4B-00C04F79EFBC}") = "WpfToolbar", "WpfToolbar\WpfToolbar.csproj", "{493A63CA-0923-4173-8DA1-21DE29612046}"
EndProject
Global
	GlobalSection(SolutionConfigurationPlatforms) = preSolution
		Debug|Any CPU = Debug|Any CPU
		Release|Any CPU = Release|Any CPU
	EndGlobalSection
	GlobalSection(ProjectConfigurationPlatforms) = postSolution
		{493A63CA-0923-4173-8DA1-21DE29612046}.Debug|Any CPU.ActiveCfg = Debug|Any CPU
		{493A63CA-0923-4173-8DA1-21DE29612046}.Debug|Any CPU.Build.0 = Debug|Any CPU
		{493A63CA-0923-4173-8DA1-21DE29612046}.Release|Any CPU.ActiveCfg = Release|Any CPU
		{493A63CA-0923-4173-8DA1-21DE29612046}.Release|Any CPU.Build.0 = Release|Any CPU
	EndGlobalSection
	GlobalSection(SolutionProperties) = preSolution
		HideSolutionNode = FALSE
	EndGlobalSection
	GlobalSection(ExtensibilityGlobals) = postSolution
		SolutionGuid = {B22AD492-B30B-42B9-B5FC-A2F1EDE246B8}
	EndGlobalSection
EndGlobal
