
Microsoft Visual Studio Solution File, Format Version 12.00
# Visual Studio Version 16
VisualStudioVersion = 16.0.31729.503
MinimumVisualStudioVersion = 10.0.40219.1
Project("{FAE04EC0-301F-11D3-BF4B-00C04F79EFBC}") = "WpfSlider", "WpfSlider\WpfSlider.csproj", "{1FB57D78-E43D-4E1C-9423-4AE201D16018}"
EndProject
Project("{FAE04EC0-301F-11D3-BF4B-00C04F79EFBC}") = "WpfSliderTickPlacement", "WpfSliderTickPlacement\WpfSliderTickPlacement.csproj", "{9DD62C3F-FCC2-4325-9676-8E02C65C9BE9}"
EndProject
Project("{FAE04EC0-301F-11D3-BF4B-00C04F79EFBC}") = "WpfSliderIsSnapToTickEnabled", "WpfSliderIsSnapToTickEnabled\WpfSliderIsSnapToTickEnabled.csproj", "{C5728C72-0C4C-48CA-90C3-BE47B7493FFD}"
EndProject
Project("{FAE04EC0-301F-11D3-BF4B-00C04F79EFBC}") = "WpfSliderBoundValue", "WpfSliderBoundValue\WpfSliderBoundValue.csproj", "{82DF17D8-FDB5-409A-8B25-84C56A3CA7C2}"
EndProject
Project("{FAE04EC0-301F-11D3-BF4B-00C04F79EFBC}") = "WpfSliderValueChanged", "WpfSliderValueChanged\WpfSliderValueChanged.csproj", "{95D180E7-65F4-44E4-8B4A-A4C31D8CC6B5}"
EndProject
Global
	GlobalSection(SolutionConfigurationPlatforms) = preSolution
		Debug|Any CPU = Debug|Any CPU
		Release|Any CPU = Release|Any CPU
	EndGlobalSection
	GlobalSection(ProjectConfigurationPlatforms) = postSolution
		{1FB57D78-E43D-4E1C-9423-4AE201D16018}.Debug|Any CPU.ActiveCfg = Debug|Any CPU
		{1FB57D78-E43D-4E1C-9423-4AE201D16018}.Debug|Any CPU.Build.0 = Debug|Any CPU
		{1FB57D78-E43D-4E1C-9423-4AE201D16018}.Release|Any CPU.ActiveCfg = Release|Any CPU
		{1FB57D78-E43D-4E1C-9423-4AE201D16018}.Release|Any CPU.Build.0 = Release|Any CPU
		{9DD62C3F-FCC2-4325-9676-8E02C65C9BE9}.Debug|Any CPU.ActiveCfg = Debug|Any CPU
		{9DD62C3F-FCC2-4325-9676-8E02C65C9BE9}.Debug|Any CPU.Build.0 = Debug|Any CPU
		{9DD62C3F-FCC2-4325-9676-8E02C65C9BE9}.Release|Any CPU.ActiveCfg = Release|Any CPU
		{9DD62C3F-FCC2-4325-9676-8E02C65C9BE9}.Release|Any CPU.Build.0 = Release|Any CPU
		{C5728C72-0C4C-48CA-90C3-BE47B7493FFD}.Debug|Any CPU.ActiveCfg = Debug|Any CPU
		{C5728C72-0C4C-48CA-90C3-BE47B7493FFD}.Debug|Any CPU.Build.0 = Debug|Any CPU
		{C5728C72-0C4C-48CA-90C3-BE47B7493FFD}.Release|Any CPU.ActiveCfg = Release|Any CPU
		{C5728C72-0C4C-48CA-90C3-BE47B7493FFD}.Release|Any CPU.Build.0 = Release|Any CPU
		{82DF17D8-FDB5-409A-8B25-84C56A3CA7C2}.Debug|Any CPU.ActiveCfg = Debug|Any CPU
		{82DF17D8-FDB5-409A-8B25-84C56A3CA7C2}.Debug|Any CPU.Build.0 = Debug|Any CPU
		{82DF17D8-FDB5-409A-8B25-84C56A3CA7C2}.Release|Any CPU.ActiveCfg = Release|Any CPU
		{82DF17D8-FDB5-409A-8B25-84C56A3CA7C2}.Release|Any CPU.Build.0 = Release|Any CPU
		{95D180E7-65F4-44E4-8B4A-A4C31D8CC6B5}.Debug|Any CPU.ActiveCfg = Debug|Any CPU
		{95D180E7-65F4-44E4-8B4A-A4C31D8CC6B5}.Debug|Any CPU.Build.0 = Debug|Any CPU
		{95D180E7-65F4-44E4-8B4A-A4C31D8CC6B5}.Release|Any CPU.ActiveCfg = Release|Any CPU
		{95D180E7-65F4-44E4-8B4A-A4C31D8CC6B5}.Release|Any CPU.Build.0 = Release|Any CPU
	EndGlobalSection
	GlobalSection(SolutionProperties) = preSolution
		HideSolutionNode = FALSE
	EndGlobalSection
	GlobalSection(ExtensibilityGlobals) = postSolution
		SolutionGuid = {CB7B6468-8F78-4BB9-817E-89B8DEBDEBF2}
	EndGlobalSection
EndGlobal
