
Microsoft Visual Studio Solution File, Format Version 12.00
# Visual Studio Version 16
VisualStudioVersion = 16.0.31729.503
MinimumVisualStudioVersion = 10.0.40219.1
Project("{FAE04EC0-301F-11D3-BF4B-00C04F79EFBC}") = "WpfSimpleDataGrid", "WpfSimpleDataGrid\WpfSimpleDataGrid.csproj", "{075DF9F3-3F58-4D62-A15A-AC2394430677}"
EndProject
Project("{FAE04EC0-301F-11D3-BF4B-00C04F79EFBC}") = "WpfDataGridColumns", "WpfDataGridColumns\WpfDataGridColumns.csproj", "{FF985715-8A94-46F6-A7AB-8C3B324BB928}"
EndProject
Project("{FAE04EC0-301F-11D3-BF4B-00C04F79EFBC}") = "WpfDataGridDetails", "WpfDataGridDetails\WpfDataGridDetails.csproj", "{5A6E0D72-EEE2-4876-AAA3-5DF5FC5DFA6C}"
EndProject
Project("{FAE04EC0-301F-11D3-BF4B-00C04F79EFBC}") = "WpfDataGridDetailsV2", "WpfDataGridDetailsV2\WpfDataGridDetailsV2.csproj", "{7DFBE39A-FC22-4459-A86D-6EB4E2EFBC4D}"
EndProject
Global
	GlobalSection(SolutionConfigurationPlatforms) = preSolution
		Debug|Any CPU = Debug|Any CPU
		Release|Any CPU = Release|Any CPU
	EndGlobalSection
	GlobalSection(ProjectConfigurationPlatforms) = postSolution
		{075DF9F3-3F58-4D62-A15A-AC2394430677}.Debug|Any CPU.ActiveCfg = Debug|Any CPU
		{075DF9F3-3F58-4D62-A15A-AC2394430677}.Debug|Any CPU.Build.0 = Debug|Any CPU
		{075DF9F3-3F58-4D62-A15A-AC2394430677}.Release|Any CPU.ActiveCfg = Release|Any CPU
		{075DF9F3-3F58-4D62-A15A-AC2394430677}.Release|Any CPU.Build.0 = Release|Any CPU
		{FF985715-8A94-46F6-A7AB-8C3B324BB928}.Debug|Any CPU.ActiveCfg = Debug|Any CPU
		{FF985715-8A94-46F6-A7AB-8C3B324BB928}.Debug|Any CPU.Build.0 = Debug|Any CPU
		{FF985715-8A94-46F6-A7AB-8C3B324BB928}.Release|Any CPU.ActiveCfg = Release|Any CPU
		{FF985715-8A94-46F6-A7AB-8C3B324BB928}.Release|Any CPU.Build.0 = Release|Any CPU
		{5A6E0D72-EEE2-4876-AAA3-5DF5FC5DFA6C}.Debug|Any CPU.ActiveCfg = Debug|Any CPU
		{5A6E0D72-EEE2-4876-AAA3-5DF5FC5DFA6C}.Debug|Any CPU.Build.0 = Debug|Any CPU
		{5A6E0D72-EEE2-4876-AAA3-5DF5FC5DFA6C}.Release|Any CPU.ActiveCfg = Release|Any CPU
		{5A6E0D72-EEE2-4876-AAA3-5DF5FC5DFA6C}.Release|Any CPU.Build.0 = Release|Any CPU
		{7DFBE39A-FC22-4459-A86D-6EB4E2EFBC4D}.Debug|Any CPU.ActiveCfg = Debug|Any CPU
		{7DFBE39A-FC22-4459-A86D-6EB4E2EFBC4D}.Debug|Any CPU.Build.0 = Debug|Any CPU
		{7DFBE39A-FC22-4459-A86D-6EB4E2EFBC4D}.Release|Any CPU.ActiveCfg = Release|Any CPU
		{7DFBE39A-FC22-4459-A86D-6EB4E2EFBC4D}.Release|Any CPU.Build.0 = Release|Any CPU
	EndGlobalSection
	GlobalSection(SolutionProperties) = preSolution
		HideSolutionNode = FALSE
	EndGlobalSection
	GlobalSection(ExtensibilityGlobals) = postSolution
		SolutionGuid = {95E4A744-157F-4F13-AA22-56992FABE7A0}
	EndGlobalSection
EndGlobal
