
Microsoft Visual Studio Solution File, Format Version 12.00
# Visual Studio 15
VisualStudioVersion = 15.0.28307.1684
MinimumVisualStudioVersion = 10.0.40219.1
Project("{FAE04EC0-301F-11D3-BF4B-00C04F79EFBC}") = "WpfTratandoExcecoes", "WpfTratandoExcecoes\WpfTratandoExcecoes.csproj", "{F99EB817-9746-46D1-9B44-25398D30CC4C}"
EndProject
Global
	GlobalSection(SolutionConfigurationPlatforms) = preSolution
		Debug|Any CPU = Debug|Any CPU
		Release|Any CPU = Release|Any CPU
	EndGlobalSection
	GlobalSection(ProjectConfigurationPlatforms) = postSolution
		{F99EB817-9746-46D1-9B44-25398D30CC4C}.Debug|Any CPU.ActiveCfg = Debug|Any CPU
		{F99EB817-9746-46D1-9B44-25398D30CC4C}.Debug|Any CPU.Build.0 = Debug|Any CPU
		{F99EB817-9746-46D1-9B44-25398D30CC4C}.Release|Any CPU.ActiveCfg = Release|Any CPU
		{F99EB817-9746-46D1-9B44-25398D30CC4C}.Release|Any CPU.Build.0 = Release|Any CPU
	EndGlobalSection
	GlobalSection(SolutionProperties) = preSolution
		HideSolutionNode = FALSE
	EndGlobalSection
	GlobalSection(ExtensibilityGlobals) = postSolution
		SolutionGuid = {1FE2D113-E821-42A7-B357-F9BB78CA0031}
	EndGlobalSection
EndGlobal
