
Microsoft Visual Studio Solution File, Format Version 12.00
# Visual Studio Version 16
VisualStudioVersion = 16.0.31729.503
MinimumVisualStudioVersion = 10.0.40219.1
Project("{FAE04EC0-301F-11D3-BF4B-00C04F79EFBC}") = "WpfConverter", "WpfConverter\WpfConverter.csproj", "{B64469A9-B67E-4BFD-805B-DEE0B9034617}"
EndProject
Global
	GlobalSection(SolutionConfigurationPlatforms) = preSolution
		Debug|Any CPU = Debug|Any CPU
		Release|Any CPU = Release|Any CPU
	EndGlobalSection
	GlobalSection(ProjectConfigurationPlatforms) = postSolution
		{B64469A9-B67E-4BFD-805B-DEE0B9034617}.Debug|Any CPU.ActiveCfg = Debug|Any CPU
		{B64469A9-B67E-4BFD-805B-DEE0B9034617}.Debug|Any CPU.Build.0 = Debug|Any CPU
		{B64469A9-B67E-4BFD-805B-DEE0B9034617}.Release|Any CPU.ActiveCfg = Release|Any CPU
		{B64469A9-B67E-4BFD-805B-DEE0B9034617}.Release|Any CPU.Build.0 = Release|Any CPU
	EndGlobalSection
	GlobalSection(SolutionProperties) = preSolution
		HideSolutionNode = FALSE
	EndGlobalSection
	GlobalSection(ExtensibilityGlobals) = postSolution
		SolutionGuid = {38C789B6-CC5E-4A95-81F9-4534FA657591}
	EndGlobalSection
EndGlobal
