
Microsoft Visual Studio Solution File, Format Version 12.00
# Visual Studio Version 16
VisualStudioVersion = 16.0.31729.503
MinimumVisualStudioVersion = 10.0.40219.1
Project("{FAE04EC0-301F-11D3-BF4B-00C04F79EFBC}") = "WpfListViewGridView", "WpfListViewGridView\WpfListViewGridView.csproj", "{6E287DDE-E75B-43E5-857E-82E654231522}"
EndProject
Project("{FAE04EC0-301F-11D3-BF4B-00C04F79EFBC}") = "WpfListViewGridViewCellTemplate", "WpfListViewGridViewCellTemplate\WpfListViewGridViewCellTemplate.csproj", "{72F68CBB-A99A-4B81-95FC-18D15ECBC26D}"
EndProject
Project("{FAE04EC0-301F-11D3-BF4B-00C04F79EFBC}") = "WpfListViewGridViewAlignment", "WpfListViewGridViewAlignment\WpfListViewGridViewAlignment.csproj", "{E404433F-5CE8-486F-8AE4-4733923C21B4}"
EndProject
Global
	GlobalSection(SolutionConfigurationPlatforms) = preSolution
		Debug|Any CPU = Debug|Any CPU
		Release|Any CPU = Release|Any CPU
	EndGlobalSection
	GlobalSection(ProjectConfigurationPlatforms) = postSolution
		{6E287DDE-E75B-43E5-857E-82E654231522}.Debug|Any CPU.ActiveCfg = Debug|Any CPU
		{6E287DDE-E75B-43E5-857E-82E654231522}.Debug|Any CPU.Build.0 = Debug|Any CPU
		{6E287DDE-E75B-43E5-857E-82E654231522}.Release|Any CPU.ActiveCfg = Release|Any CPU
		{6E287DDE-E75B-43E5-857E-82E654231522}.Release|Any CPU.Build.0 = Release|Any CPU
		{72F68CBB-A99A-4B81-95FC-18D15ECBC26D}.Debug|Any CPU.ActiveCfg = Debug|Any CPU
		{72F68CBB-A99A-4B81-95FC-18D15ECBC26D}.Debug|Any CPU.Build.0 = Debug|Any CPU
		{72F68CBB-A99A-4B81-95FC-18D15ECBC26D}.Release|Any CPU.ActiveCfg = Release|Any CPU
		{72F68CBB-A99A-4B81-95FC-18D15ECBC26D}.Release|Any CPU.Build.0 = Release|Any CPU
		{E404433F-5CE8-486F-8AE4-4733923C21B4}.Debug|Any CPU.ActiveCfg = Debug|Any CPU
		{E404433F-5CE8-486F-8AE4-4733923C21B4}.Debug|Any CPU.Build.0 = Debug|Any CPU
		{E404433F-5CE8-486F-8AE4-4733923C21B4}.Release|Any CPU.ActiveCfg = Release|Any CPU
		{E404433F-5CE8-486F-8AE4-4733923C21B4}.Release|Any CPU.Build.0 = Release|Any CPU
	EndGlobalSection
	GlobalSection(SolutionProperties) = preSolution
		HideSolutionNode = FALSE
	EndGlobalSection
	GlobalSection(ExtensibilityGlobals) = postSolution
		SolutionGuid = {EFB90336-67A7-4BC4-B7FB-C282F64A4B79}
	EndGlobalSection
EndGlobal
