
Microsoft Visual Studio Solution File, Format Version 12.00
# Visual Studio Version 16
VisualStudioVersion = 16.0.31729.503
MinimumVisualStudioVersion = 10.0.40219.1
Project("{FAE04EC0-301F-11D3-BF4B-00C04F79EFBC}") = "WpfUsingCommands", "WpfUsingCommands\WpfUsingCommands.csproj", "{243312EC-15EE-443B-8551-12B989537390}"
EndProject
Project("{FAE04EC0-301F-11D3-BF4B-00C04F79EFBC}") = "WpfCommandCanExecute", "WpfCommandCanExecute\WpfCommandCanExecute.csproj", "{82CE4D80-1B48-40FF-A09B-76D48B4311AA}"
EndProject
Project("{FAE04EC0-301F-11D3-BF4B-00C04F79EFBC}") = "WpfCommandsWithCommandTarget", "WpfCommandsWithCommandTarget\WpfCommandsWithCommandTarget.csproj", "{A9A39035-2003-4AF4-8051-03FA4FCE2428}"
EndProject
Global
	GlobalSection(SolutionConfigurationPlatforms) = preSolution
		Debug|Any CPU = Debug|Any CPU
		Release|Any CPU = Release|Any CPU
	EndGlobalSection
	GlobalSection(ProjectConfigurationPlatforms) = postSolution
		{243312EC-15EE-443B-8551-12B989537390}.Debug|Any CPU.ActiveCfg = Debug|Any CPU
		{243312EC-15EE-443B-8551-12B989537390}.Debug|Any CPU.Build.0 = Debug|Any CPU
		{243312EC-15EE-443B-8551-12B989537390}.Release|Any CPU.ActiveCfg = Release|Any CPU
		{243312EC-15EE-443B-8551-12B989537390}.Release|Any CPU.Build.0 = Release|Any CPU
		{82CE4D80-1B48-40FF-A09B-76D48B4311AA}.Debug|Any CPU.ActiveCfg = Debug|Any CPU
		{82CE4D80-1B48-40FF-A09B-76D48B4311AA}.Debug|Any CPU.Build.0 = Debug|Any CPU
		{82CE4D80-1B48-40FF-A09B-76D48B4311AA}.Release|Any CPU.ActiveCfg = Release|Any CPU
		{82CE4D80-1B48-40FF-A09B-76D48B4311AA}.Release|Any CPU.Build.0 = Release|Any CPU
		{A9A39035-2003-4AF4-8051-03FA4FCE2428}.Debug|Any CPU.ActiveCfg = Debug|Any CPU
		{A9A39035-2003-4AF4-8051-03FA4FCE2428}.Debug|Any CPU.Build.0 = Debug|Any CPU
		{A9A39035-2003-4AF4-8051-03FA4FCE2428}.Release|Any CPU.ActiveCfg = Release|Any CPU
		{A9A39035-2003-4AF4-8051-03FA4FCE2428}.Release|Any CPU.Build.0 = Release|Any CPU
	EndGlobalSection
	GlobalSection(SolutionProperties) = preSolution
		HideSolutionNode = FALSE
	EndGlobalSection
	GlobalSection(ExtensibilityGlobals) = postSolution
		SolutionGuid = {526F8E27-89B4-4D90-836E-DDDB531A0D3E}
	EndGlobalSection
EndGlobal
