
Microsoft Visual Studio Solution File, Format Version 12.00
# Visual Studio 15
VisualStudioVersion = 15.0.28307.1684
MinimumVisualStudioVersion = 10.0.40219.1
Project("{FAE04EC0-301F-11D3-BF4B-00C04F79EFBC}") = "WpfAppXAML", "WpfAppXAML\WpfAppXAML.csproj", "{0FA9FEDD-7E30-4B10-81C3-109A83756E94}"
EndProject
Global
	GlobalSection(SolutionConfigurationPlatforms) = preSolution
		Debug|Any CPU = Debug|Any CPU
		Release|Any CPU = Release|Any CPU
	EndGlobalSection
	GlobalSection(ProjectConfigurationPlatforms) = postSolution
		{0FA9FEDD-7E30-4B10-81C3-109A83756E94}.Debug|Any CPU.ActiveCfg = Debug|Any CPU
		{0FA9FEDD-7E30-4B10-81C3-109A83756E94}.Debug|Any CPU.Build.0 = Debug|Any CPU
		{0FA9FEDD-7E30-4B10-81C3-109A83756E94}.Release|Any CPU.ActiveCfg = Release|Any CPU
		{0FA9FEDD-7E30-4B10-81C3-109A83756E94}.Release|Any CPU.Build.0 = Release|Any CPU
	EndGlobalSection
	GlobalSection(SolutionProperties) = preSolution
		HideSolutionNode = FALSE
	EndGlobalSection
	GlobalSection(ExtensibilityGlobals) = postSolution
		SolutionGuid = {1133077F-814C-488C-B1F6-01EBCF7EB861}
	EndGlobalSection
EndGlobal
