
Microsoft Visual Studio Solution File, Format Version 12.00
# Visual Studio Version 16
VisualStudioVersion = 16.0.31729.503
MinimumVisualStudioVersion = 10.0.40219.1
Project("{FAE04EC0-301F-11D3-BF4B-00C04F79EFBC}") = "WpfFlowDocument", "WpfFlowDocument\WpfFlowDocument.csproj", "{08E70F88-28D0-4F23-A7F3-F2308D779E4D}"
EndProject
Project("{FAE04EC0-301F-11D3-BF4B-00C04F79EFBC}") = "WpfFlowDocumentScrollViewerZoom", "WpfFlowDocumentScrollViewerZoom\WpfFlowDocumentScrollViewerZoom.csproj", "{78D198FF-D293-4035-9371-C765AA0B04A3}"
EndProject
Project("{FAE04EC0-301F-11D3-BF4B-00C04F79EFBC}") = "WpfFlowDocumentTextAlignment", "WpfFlowDocumentTextAlignment\WpfFlowDocumentTextAlignment.csproj", "{31675875-EA1C-448D-80DF-B6CC9C3153A2}"
EndProject
Global
	GlobalSection(SolutionConfigurationPlatforms) = preSolution
		Debug|Any CPU = Debug|Any CPU
		Release|Any CPU = Release|Any CPU
	EndGlobalSection
	GlobalSection(ProjectConfigurationPlatforms) = postSolution
		{08E70F88-28D0-4F23-A7F3-F2308D779E4D}.Debug|Any CPU.ActiveCfg = Debug|Any CPU
		{08E70F88-28D0-4F23-A7F3-F2308D779E4D}.Debug|Any CPU.Build.0 = Debug|Any CPU
		{08E70F88-28D0-4F23-A7F3-F2308D779E4D}.Release|Any CPU.ActiveCfg = Release|Any CPU
		{08E70F88-28D0-4F23-A7F3-F2308D779E4D}.Release|Any CPU.Build.0 = Release|Any CPU
		{78D198FF-D293-4035-9371-C765AA0B04A3}.Debug|Any CPU.ActiveCfg = Debug|Any CPU
		{78D198FF-D293-4035-9371-C765AA0B04A3}.Debug|Any CPU.Build.0 = Debug|Any CPU
		{78D198FF-D293-4035-9371-C765AA0B04A3}.Release|Any CPU.ActiveCfg = Release|Any CPU
		{78D198FF-D293-4035-9371-C765AA0B04A3}.Release|Any CPU.Build.0 = Release|Any CPU
		{31675875-EA1C-448D-80DF-B6CC9C3153A2}.Debug|Any CPU.ActiveCfg = Debug|Any CPU
		{31675875-EA1C-448D-80DF-B6CC9C3153A2}.Debug|Any CPU.Build.0 = Debug|Any CPU
		{31675875-EA1C-448D-80DF-B6CC9C3153A2}.Release|Any CPU.ActiveCfg = Release|Any CPU
		{31675875-EA1C-448D-80DF-B6CC9C3153A2}.Release|Any CPU.Build.0 = Release|Any CPU
	EndGlobalSection
	GlobalSection(SolutionProperties) = preSolution
		HideSolutionNode = FALSE
	EndGlobalSection
	GlobalSection(ExtensibilityGlobals) = postSolution
		SolutionGuid = {3A3FF4D3-4375-4117-B1F6-9FE7EFB53FD2}
	EndGlobalSection
EndGlobal
