
Microsoft Visual Studio Solution File, Format Version 12.00
# Visual Studio Version 16
VisualStudioVersion = 16.0.31729.503
MinimumVisualStudioVersion = 10.0.40219.1
Project("{FAE04EC0-301F-11D3-BF4B-00C04F79EFBC}") = "WpfComboBox", "WpfComboBox\WpfComboBox.csproj", "{17165A76-D650-4C5F-B3B2-4BA3A8005323}"
EndProject
Project("{FAE04EC0-301F-11D3-BF4B-00C04F79EFBC}") = "WpfComboBoxCustom", "WpfComboBoxCustom\WpfComboBoxCustom.csproj", "{0E904ECA-D75F-4323-839F-03680AF8B29B}"
EndProject
Project("{FAE04EC0-301F-11D3-BF4B-00C04F79EFBC}") = "WpfComboBoxDataBinding", "WpfComboBoxDataBinding\WpfComboBoxDataBinding.csproj", "{EEEA8E7E-A9E5-455A-9472-94A06C9F9DFC}"
EndProject
Project("{FAE04EC0-301F-11D3-BF4B-00C04F79EFBC}") = "WpfComboBoxEditable", "WpfComboBoxEditable\WpfComboBoxEditable.csproj", "{D7E29F55-480B-4854-8FED-45B9DE2CBB83}"
EndProject
Project("{FAE04EC0-301F-11D3-BF4B-00C04F79EFBC}") = "WpfComboBoxSelection", "WpfComboBoxSelection\WpfComboBoxSelection.csproj", "{22C4AD01-143D-4641-8B49-9A23E61435D9}"
EndProject
Global
	GlobalSection(SolutionConfigurationPlatforms) = preSolution
		Debug|Any CPU = Debug|Any CPU
		Release|Any CPU = Release|Any CPU
	EndGlobalSection
	GlobalSection(ProjectConfigurationPlatforms) = postSolution
		{17165A76-D650-4C5F-B3B2-4BA3A8005323}.Debug|Any CPU.ActiveCfg = Debug|Any CPU
		{17165A76-D650-4C5F-B3B2-4BA3A8005323}.Debug|Any CPU.Build.0 = Debug|Any CPU
		{17165A76-D650-4C5F-B3B2-4BA3A8005323}.Release|Any CPU.ActiveCfg = Release|Any CPU
		{17165A76-D650-4C5F-B3B2-4BA3A8005323}.Release|Any CPU.Build.0 = Release|Any CPU
		{0E904ECA-D75F-4323-839F-03680AF8B29B}.Debug|Any CPU.ActiveCfg = Debug|Any CPU
		{0E904ECA-D75F-4323-839F-03680AF8B29B}.Debug|Any CPU.Build.0 = Debug|Any CPU
		{0E904ECA-D75F-4323-839F-03680AF8B29B}.Release|Any CPU.ActiveCfg = Release|Any CPU
		{0E904ECA-D75F-4323-839F-03680AF8B29B}.Release|Any CPU.Build.0 = Release|Any CPU
		{EEEA8E7E-A9E5-455A-9472-94A06C9F9DFC}.Debug|Any CPU.ActiveCfg = Debug|Any CPU
		{EEEA8E7E-A9E5-455A-9472-94A06C9F9DFC}.Debug|Any CPU.Build.0 = Debug|Any CPU
		{EEEA8E7E-A9E5-455A-9472-94A06C9F9DFC}.Release|Any CPU.ActiveCfg = Release|Any CPU
		{EEEA8E7E-A9E5-455A-9472-94A06C9F9DFC}.Release|Any CPU.Build.0 = Release|Any CPU
		{D7E29F55-480B-4854-8FED-45B9DE2CBB83}.Debug|Any CPU.ActiveCfg = Debug|Any CPU
		{D7E29F55-480B-4854-8FED-45B9DE2CBB83}.Debug|Any CPU.Build.0 = Debug|Any CPU
		{D7E29F55-480B-4854-8FED-45B9DE2CBB83}.Release|Any CPU.ActiveCfg = Release|Any CPU
		{D7E29F55-480B-4854-8FED-45B9DE2CBB83}.Release|Any CPU.Build.0 = Release|Any CPU
		{22C4AD01-143D-4641-8B49-9A23E61435D9}.Debug|Any CPU.ActiveCfg = Debug|Any CPU
		{22C4AD01-143D-4641-8B49-9A23E61435D9}.Debug|Any CPU.Build.0 = Debug|Any CPU
		{22C4AD01-143D-4641-8B49-9A23E61435D9}.Release|Any CPU.ActiveCfg = Release|Any CPU
		{22C4AD01-143D-4641-8B49-9A23E61435D9}.Release|Any CPU.Build.0 = Release|Any CPU
	EndGlobalSection
	GlobalSection(SolutionProperties) = preSolution
		HideSolutionNode = FALSE
	EndGlobalSection
	GlobalSection(ExtensibilityGlobals) = postSolution
		SolutionGuid = {084716EF-A363-4A5B-AB3D-4A436DCD30D0}
	EndGlobalSection
EndGlobal
