
Microsoft Visual Studio Solution File, Format Version 12.00
# Visual Studio Version 16
VisualStudioVersion = 16.0.31702.278
MinimumVisualStudioVersion = 10.0.40219.1
Project("{FAE04EC0-301F-11D3-BF4B-00C04F79EFBC}") = "WpfLabel", "WpfLabel\WpfLabel.csproj", "{7B6DAFCF-D180-414C-889C-E69F74160200}"
EndProject
Global
	GlobalSection(SolutionConfigurationPlatforms) = preSolution
		Debug|Any CPU = Debug|Any CPU
		Release|Any CPU = Release|Any CPU
	EndGlobalSection
	GlobalSection(ProjectConfigurationPlatforms) = postSolution
		{7B6DAFCF-D180-414C-889C-E69F74160200}.Debug|Any CPU.ActiveCfg = Debug|Any CPU
		{7B6DAFCF-D180-414C-889C-E69F74160200}.Debug|Any CPU.Build.0 = Debug|Any CPU
		{7B6DAFCF-D180-414C-889C-E69F74160200}.Release|Any CPU.ActiveCfg = Release|Any CPU
		{7B6DAFCF-D180-414C-889C-E69F74160200}.Release|Any CPU.Build.0 = Release|Any CPU
	EndGlobalSection
	GlobalSection(SolutionProperties) = preSolution
		HideSolutionNode = FALSE
	EndGlobalSection
	GlobalSection(ExtensibilityGlobals) = postSolution
		SolutionGuid = {4A5EE104-34FB-466E-BF1F-9A95F5666D57}
	EndGlobalSection
EndGlobal
