
Microsoft Visual Studio Solution File, Format Version 12.00
# Visual Studio Version 16
VisualStudioVersion = 16.0.31729.503
MinimumVisualStudioVersion = 10.0.40219.1
Project("{FAE04EC0-301F-11D3-BF4B-00C04F79EFBC}") = "WpfGridUints", "WpfGridUints\WpfGridUints.csproj", "{A88F2C1B-3470-42A5-9E0D-102975F40FED}"
EndProject
Global
	GlobalSection(SolutionConfigurationPlatforms) = preSolution
		Debug|Any CPU = Debug|Any CPU
		Release|Any CPU = Release|Any CPU
	EndGlobalSection
	GlobalSection(ProjectConfigurationPlatforms) = postSolution
		{A88F2C1B-3470-42A5-9E0D-102975F40FED}.Debug|Any CPU.ActiveCfg = Debug|Any CPU
		{A88F2C1B-3470-42A5-9E0D-102975F40FED}.Debug|Any CPU.Build.0 = Debug|Any CPU
		{A88F2C1B-3470-42A5-9E0D-102975F40FED}.Release|Any CPU.ActiveCfg = Release|Any CPU
		{A88F2C1B-3470-42A5-9E0D-102975F40FED}.Release|Any CPU.Build.0 = Release|Any CPU
	EndGlobalSection
	GlobalSection(SolutionProperties) = preSolution
		HideSolutionNode = FALSE
	EndGlobalSection
	GlobalSection(ExtensibilityGlobals) = postSolution
		SolutionGuid = {C9340920-F74F-4E22-915F-7CFA6B4F1ACD}
	EndGlobalSection
EndGlobal
