
Microsoft Visual Studio Solution File, Format Version 12.00
# Visual Studio Version 16
VisualStudioVersion = 16.0.31729.503
MinimumVisualStudioVersion = 10.0.40219.1
Project("{FAE04EC0-301F-11D3-BF4B-00C04F79EFBC}") = "WpfSimpleStyle", "WpfSimpleStyle\WpfSimpleStyle.csproj", "{94ADEFF4-39CE-4369-A109-F4D36F2110CB}"
EndProject
Global
	GlobalSection(SolutionConfigurationPlatforms) = preSolution
		Debug|Any CPU = Debug|Any CPU
		Release|Any CPU = Release|Any CPU
	EndGlobalSection
	GlobalSection(ProjectConfigurationPlatforms) = postSolution
		{94ADEFF4-39CE-4369-A109-F4D36F2110CB}.Debug|Any CPU.ActiveCfg = Debug|Any CPU
		{94ADEFF4-39CE-4369-A109-F4D36F2110CB}.Debug|Any CPU.Build.0 = Debug|Any CPU
		{94ADEFF4-39CE-4369-A109-F4D36F2110CB}.Release|Any CPU.ActiveCfg = Release|Any CPU
		{94ADEFF4-39CE-4369-A109-F4D36F2110CB}.Release|Any CPU.Build.0 = Release|Any CPU
	EndGlobalSection
	GlobalSection(SolutionProperties) = preSolution
		HideSolutionNode = FALSE
	EndGlobalSection
	GlobalSection(ExtensibilityGlobals) = postSolution
		SolutionGuid = {07133D27-01C2-4A80-AA47-3189B3683CCE}
	EndGlobalSection
EndGlobal
