
Microsoft Visual Studio Solution File, Format Version 12.00
# Visual Studio Version 16
VisualStudioVersion = 16.0.31729.503
MinimumVisualStudioVersion = 10.0.40219.1
Project("{FAE04EC0-301F-11D3-BF4B-00C04F79EFBC}") = "WpfImage", "WpfImage\WpfImage.csproj", "{902B748B-B0FB-49E8-85AF-217A88DA7D63}"
EndProject
Project("{FAE04EC0-301F-11D3-BF4B-00C04F79EFBC}") = "WpfImageDynamically", "WpfImageDynamically\WpfImageDynamically.csproj", "{0C6AE08A-1399-42A2-A0C4-28DE8B7D94F2}"
EndProject
Project("{FAE04EC0-301F-11D3-BF4B-00C04F79EFBC}") = "WpfImageStretch", "WpfImageStretch\WpfImageStretch.csproj", "{7CC552AE-4EB9-4E1C-B50B-D6D1B93A8492}"
EndProject
Global
	GlobalSection(SolutionConfigurationPlatforms) = preSolution
		Debug|Any CPU = Debug|Any CPU
		Release|Any CPU = Release|Any CPU
	EndGlobalSection
	GlobalSection(ProjectConfigurationPlatforms) = postSolution
		{902B748B-B0FB-49E8-85AF-217A88DA7D63}.Debug|Any CPU.ActiveCfg = Debug|Any CPU
		{902B748B-B0FB-49E8-85AF-217A88DA7D63}.Debug|Any CPU.Build.0 = Debug|Any CPU
		{902B748B-B0FB-49E8-85AF-217A88DA7D63}.Release|Any CPU.ActiveCfg = Release|Any CPU
		{902B748B-B0FB-49E8-85AF-217A88DA7D63}.Release|Any CPU.Build.0 = Release|Any CPU
		{0C6AE08A-1399-42A2-A0C4-28DE8B7D94F2}.Debug|Any CPU.ActiveCfg = Debug|Any CPU
		{0C6AE08A-1399-42A2-A0C4-28DE8B7D94F2}.Debug|Any CPU.Build.0 = Debug|Any CPU
		{0C6AE08A-1399-42A2-A0C4-28DE8B7D94F2}.Release|Any CPU.ActiveCfg = Release|Any CPU
		{0C6AE08A-1399-42A2-A0C4-28DE8B7D94F2}.Release|Any CPU.Build.0 = Release|Any CPU
		{7CC552AE-4EB9-4E1C-B50B-D6D1B93A8492}.Debug|Any CPU.ActiveCfg = Debug|Any CPU
		{7CC552AE-4EB9-4E1C-B50B-D6D1B93A8492}.Debug|Any CPU.Build.0 = Debug|Any CPU
		{7CC552AE-4EB9-4E1C-B50B-D6D1B93A8492}.Release|Any CPU.ActiveCfg = Release|Any CPU
		{7CC552AE-4EB9-4E1C-B50B-D6D1B93A8492}.Release|Any CPU.Build.0 = Release|Any CPU
	EndGlobalSection
	GlobalSection(SolutionProperties) = preSolution
		HideSolutionNode = FALSE
	EndGlobalSection
	GlobalSection(ExtensibilityGlobals) = postSolution
		SolutionGuid = {DFBB58C3-AF84-4040-A25A-76C5B23B8DBB}
	EndGlobalSection
EndGlobal
