
Microsoft Visual Studio Solution File, Format Version 12.00
# Visual Studio Version 16
VisualStudioVersion = 16.0.31729.503
MinimumVisualStudioVersion = 10.0.40219.1
Project("{FAE04EC0-301F-11D3-BF4B-00C04F79EFBC}") = "WpfDockPanel", "WpfDockPanel\WpfDockPanel.csproj", "{07FA26DF-F5E5-460A-980F-08544AD6140B}"
EndProject
Project("{FAE04EC0-301F-11D3-BF4B-00C04F79EFBC}") = "WpfDockPanelTwo", "WpfDockPanelTwo\WpfDockPanelTwo.csproj", "{0C25F7E2-2CD8-42C7-A4EC-D98F94FAD4DF}"
EndProject
Project("{FAE04EC0-301F-11D3-BF4B-00C04F79EFBC}") = "WpfDockPanelLastChildFill", "WpfDockPanelLastChildFill\WpfDockPanelLastChildFill.csproj", "{0349380E-6006-4530-B218-865015B862A6}"
EndProject
Global
	GlobalSection(SolutionConfigurationPlatforms) = preSolution
		Debug|Any CPU = Debug|Any CPU
		Release|Any CPU = Release|Any CPU
	EndGlobalSection
	GlobalSection(ProjectConfigurationPlatforms) = postSolution
		{07FA26DF-F5E5-460A-980F-08544AD6140B}.Debug|Any CPU.ActiveCfg = Debug|Any CPU
		{07FA26DF-F5E5-460A-980F-08544AD6140B}.Debug|Any CPU.Build.0 = Debug|Any CPU
		{07FA26DF-F5E5-460A-980F-08544AD6140B}.Release|Any CPU.ActiveCfg = Release|Any CPU
		{07FA26DF-F5E5-460A-980F-08544AD6140B}.Release|Any CPU.Build.0 = Release|Any CPU
		{0C25F7E2-2CD8-42C7-A4EC-D98F94FAD4DF}.Debug|Any CPU.ActiveCfg = Debug|Any CPU
		{0C25F7E2-2CD8-42C7-A4EC-D98F94FAD4DF}.Debug|Any CPU.Build.0 = Debug|Any CPU
		{0C25F7E2-2CD8-42C7-A4EC-D98F94FAD4DF}.Release|Any CPU.ActiveCfg = Release|Any CPU
		{0C25F7E2-2CD8-42C7-A4EC-D98F94FAD4DF}.Release|Any CPU.Build.0 = Release|Any CPU
		{0349380E-6006-4530-B218-865015B862A6}.Debug|Any CPU.ActiveCfg = Debug|Any CPU
		{0349380E-6006-4530-B218-865015B862A6}.Debug|Any CPU.Build.0 = Debug|Any CPU
		{0349380E-6006-4530-B218-865015B862A6}.Release|Any CPU.ActiveCfg = Release|Any CPU
		{0349380E-6006-4530-B218-865015B862A6}.Release|Any CPU.Build.0 = Release|Any CPU
	EndGlobalSection
	GlobalSection(SolutionProperties) = preSolution
		HideSolutionNode = FALSE
	EndGlobalSection
	GlobalSection(ExtensibilityGlobals) = postSolution
		SolutionGuid = {6545F8B0-E0C2-42B2-9AF7-DFD339EEE655}
	EndGlobalSection
EndGlobal
