
Microsoft Visual Studio Solution File, Format Version 12.00
# Visual Studio Version 16
VisualStudioVersion = 16.0.31729.503
MinimumVisualStudioVersion = 10.0.40219.1
Project("{FAE04EC0-301F-11D3-BF4B-00C04F79EFBC}") = "WpfProgressBar", "WpfProgressBar\WpfProgressBar.csproj", "{C7C6CAA9-C2DD-4D37-B869-9589C5968ADD}"
EndProject
Project("{FAE04EC0-301F-11D3-BF4B-00C04F79EFBC}") = "WpfProgressBarTaskOnUiThread", "WpfProgressBarTaskOnUiThread\WpfProgressBarTaskOnUiThread.csproj", "{21DB0576-D424-4504-9B3A-7C7984C04F45}"
EndProject
Project("{FAE04EC0-301F-11D3-BF4B-00C04F79EFBC}") = "WpfProgressBarTaskOnWorkerThread", "WpfProgressBarTaskOnWorkerThread\WpfProgressBarTaskOnWorkerThread.csproj", "{8D31701E-6BDB-4748-B7DE-1939157F0A19}"
EndProject
Project("{FAE04EC0-301F-11D3-BF4B-00C04F79EFBC}") = "WpfProgressBarIndeterminate", "WpfProgressBarIndeterminate\WpfProgressBarIndeterminate.csproj", "{CC0A5685-D158-4A99-8A98-EAA43EF78259}"
EndProject
Project("{FAE04EC0-301F-11D3-BF4B-00C04F79EFBC}") = "WpfProgressBarText", "WpfProgressBarText\WpfProgressBarText.csproj", "{C659180F-8F78-496F-82B4-8121F75D85CC}"
EndProject
Global
	GlobalSection(SolutionConfigurationPlatforms) = preSolution
		Debug|Any CPU = Debug|Any CPU
		Release|Any CPU = Release|Any CPU
	EndGlobalSection
	GlobalSection(ProjectConfigurationPlatforms) = postSolution
		{C7C6CAA9-C2DD-4D37-B869-9589C5968ADD}.Debug|Any CPU.ActiveCfg = Debug|Any CPU
		{C7C6CAA9-C2DD-4D37-B869-9589C5968ADD}.Debug|Any CPU.Build.0 = Debug|Any CPU
		{C7C6CAA9-C2DD-4D37-B869-9589C5968ADD}.Release|Any CPU.ActiveCfg = Release|Any CPU
		{C7C6CAA9-C2DD-4D37-B869-9589C5968ADD}.Release|Any CPU.Build.0 = Release|Any CPU
		{21DB0576-D424-4504-9B3A-7C7984C04F45}.Debug|Any CPU.ActiveCfg = Debug|Any CPU
		{21DB0576-D424-4504-9B3A-7C7984C04F45}.Debug|Any CPU.Build.0 = Debug|Any CPU
		{21DB0576-D424-4504-9B3A-7C7984C04F45}.Release|Any CPU.ActiveCfg = Release|Any CPU
		{21DB0576-D424-4504-9B3A-7C7984C04F45}.Release|Any CPU.Build.0 = Release|Any CPU
		{8D31701E-6BDB-4748-B7DE-1939157F0A19}.Debug|Any CPU.ActiveCfg = Debug|Any CPU
		{8D31701E-6BDB-4748-B7DE-1939157F0A19}.Debug|Any CPU.Build.0 = Debug|Any CPU
		{8D31701E-6BDB-4748-B7DE-1939157F0A19}.Release|Any CPU.ActiveCfg = Release|Any CPU
		{8D31701E-6BDB-4748-B7DE-1939157F0A19}.Release|Any CPU.Build.0 = Release|Any CPU
		{CC0A5685-D158-4A99-8A98-EAA43EF78259}.Debug|Any CPU.ActiveCfg = Debug|Any CPU
		{CC0A5685-D158-4A99-8A98-EAA43EF78259}.Debug|Any CPU.Build.0 = Debug|Any CPU
		{CC0A5685-D158-4A99-8A98-EAA43EF78259}.Release|Any CPU.ActiveCfg = Release|Any CPU
		{CC0A5685-D158-4A99-8A98-EAA43EF78259}.Release|Any CPU.Build.0 = Release|Any CPU
		{C659180F-8F78-496F-82B4-8121F75D85CC}.Debug|Any CPU.ActiveCfg = Debug|Any CPU
		{C659180F-8F78-496F-82B4-8121F75D85CC}.Debug|Any CPU.Build.0 = Debug|Any CPU
		{C659180F-8F78-496F-82B4-8121F75D85CC}.Release|Any CPU.ActiveCfg = Release|Any CPU
		{C659180F-8F78-496F-82B4-8121F75D85CC}.Release|Any CPU.Build.0 = Release|Any CPU
	EndGlobalSection
	GlobalSection(SolutionProperties) = preSolution
		HideSolutionNode = FALSE
	EndGlobalSection
	GlobalSection(ExtensibilityGlobals) = postSolution
		SolutionGuid = {2455AB7B-AB7C-4CDC-9BE1-4FB265240DEE}
	EndGlobalSection
EndGlobal
