
Microsoft Visual Studio Solution File, Format Version 12.00
# Visual Studio Version 16
VisualStudioVersion = 16.0.31729.503
MinimumVisualStudioVersion = 10.0.40219.1
Project("{FAE04EC0-301F-11D3-BF4B-00C04F79EFBC}") = "WpfGridSplitter", "WpfGridSplitter\WpfGridSplitter.csproj", "{EAF65BFD-0C73-4890-A658-73A4FFC0A546}"
EndProject
Project("{FAE04EC0-301F-11D3-BF4B-00C04F79EFBC}") = "WpfGridSplliterHorizontal", "WpfGridSplliterHorizontal\WpfGridSplliterHorizontal.csproj", "{AA563E0E-BED7-4ECD-A38B-836705F1D01B}"
EndProject
Global
	GlobalSection(SolutionConfigurationPlatforms) = preSolution
		Debug|Any CPU = Debug|Any CPU
		Release|Any CPU = Release|Any CPU
	EndGlobalSection
	GlobalSection(ProjectConfigurationPlatforms) = postSolution
		{EAF65BFD-0C73-4890-A658-73A4FFC0A546}.Debug|Any CPU.ActiveCfg = Debug|Any CPU
		{EAF65BFD-0C73-4890-A658-73A4FFC0A546}.Debug|Any CPU.Build.0 = Debug|Any CPU
		{EAF65BFD-0C73-4890-A658-73A4FFC0A546}.Release|Any CPU.ActiveCfg = Release|Any CPU
		{EAF65BFD-0C73-4890-A658-73A4FFC0A546}.Release|Any CPU.Build.0 = Release|Any CPU
		{AA563E0E-BED7-4ECD-A38B-836705F1D01B}.Debug|Any CPU.ActiveCfg = Debug|Any CPU
		{AA563E0E-BED7-4ECD-A38B-836705F1D01B}.Debug|Any CPU.Build.0 = Debug|Any CPU
		{AA563E0E-BED7-4ECD-A38B-836705F1D01B}.Release|Any CPU.ActiveCfg = Release|Any CPU
		{AA563E0E-BED7-4ECD-A38B-836705F1D01B}.Release|Any CPU.Build.0 = Release|Any CPU
	EndGlobalSection
	GlobalSection(SolutionProperties) = preSolution
		HideSolutionNode = FALSE
	EndGlobalSection
	GlobalSection(ExtensibilityGlobals) = postSolution
		SolutionGuid = {90FCE5AD-7F7F-4965-8E5C-DA456919E541}
	EndGlobalSection
EndGlobal
